
Microsoft Visual Studio Solution File, Format Version 12.00
# Visual Studio Version 16
VisualStudioVersion = 16.0.31229.75
MinimumVisualStudioVersion = 10.0.40219.1
Project("{FAE04EC0-301F-11D3-BF4B-00C04F79EFBC}") = "PisrevGS", "PisrevGS.csproj", "{9A53FC48-4D4E-4B15-9A45-DB31C6872548}"
EndProject
Global
	GlobalSection(SolutionConfigurationPlatforms) = preSolution
		Debug|Any CPU = Debug|Any CPU
		Release|Any CPU = Release|Any CPU
	EndGlobalSection
	GlobalSection(ProjectConfigurationPlatforms) = postSolution
		{9A53FC48-4D4E-4B15-9A45-DB31C6872548}.Debug|Any CPU.ActiveCfg = Debug|Any CPU
		{9A53FC48-4D4E-4B15-9A45-DB31C6872548}.Debug|Any CPU.Build.0 = Debug|Any CPU
		{9A53FC48-4D4E-4B15-9A45-DB31C6872548}.Release|Any CPU.ActiveCfg = Release|Any CPU
		{9A53FC48-4D4E-4B15-9A45-DB31C6872548}.Release|Any CPU.Build.0 = Release|Any CPU
	EndGlobalSection
	GlobalSection(SolutionProperties) = preSolution
		HideSolutionNode = FALSE
	EndGlobalSection
	GlobalSection(ExtensibilityGlobals) = postSolution
		SolutionGuid = {B05810B2-CB89-49BE-BB57-49C3EDF7946F}
	EndGlobalSection
EndGlobal
